PODS:
  - Alamofire (4.7.3)
  - Blueprints (0.8.0)
  - Cache (5.2.0)
  - Firebase/CoreOnly (5.9.0):
    - FirebaseCore (= 5.1.4)
  - Firebase/Messaging (5.9.0):
    - Firebase/CoreOnly
    - FirebaseMessaging (= 3.1.2)
  - FirebaseCore (5.1.4):
    - GoogleUtilities/Logger (~> 5.2)
  - FirebaseInstanceID (3.2.2):
    - FirebaseCore (~> 5.1)
    - GoogleUtilities/Environment (~> 5.3)
    - GoogleUtilities/UserDefaults (~> 5.3)
  - FirebaseMessaging (3.1.2):
    - FirebaseCore (~> 5.0)
    - FirebaseInstanceID (~> 3.0)
    - GoogleUtilities/Reachability (~> 5.2)
    - Protobuf (~> 3.1)
  - FlexiblePageControl (1.0.7)
  - GoogleUtilities/Environment (5.3.0)
  - GoogleUtilities/Logger (5.3.0):
    - GoogleUtilities/Environment
  - GoogleUtilities/Reachability (5.3.0):
    - GoogleUtilities/Logger
  - GoogleUtilities/UserDefaults (5.3.0):
    - GoogleUtilities/Logger
  - NVActivityIndicatorView (4.4.0):
    - NVActivityIndicatorView/Presenter (= 4.4.0)
  - NVActivityIndicatorView/Presenter (4.4.0)
  - PINCache (2.3)
  - Protobuf (3.6.1)
  - R.swift (4.0.0):
    - R.swift.Library (~> 4.0.0)
  - R.swift.Library (4.0.0)
  - RxCocoa (4.3.1):
    - RxSwift (~> 4.0)
  - RxSwift (4.3.1)
  - SnapKit (4.0.1)

DEPENDENCIES:
  - Alamofire
  - Blueprints
  - Cache
  - Firebase/Messaging
  - FlexiblePageControl
  - NVActivityIndicatorView
  - PINCache
  - R.swift
  - RxCocoa
  - RxSwift
  - SnapKit

SPEC REPOS:
  https://github.com/cocoapods/specs.git:
    - Alamofire
    - Blueprints
    - Cache
    - Firebase
    - FirebaseCore
    - FirebaseInstanceID
    - FirebaseMessaging
    - FlexiblePageControl
    - GoogleUtilities
    - NVActivityIndicatorView
    - PINCache
    - Protobuf
    - R.swift
    - R.swift.Library
    - RxCocoa
    - RxSwift
    - SnapKit

SPEC CHECKSUMS:
  Alamofire: c7287b6e5d7da964a70935e5db17046b7fde6568
  Blueprints: bd8e23ee3b1ee9faa751ddb6e9cd82fef862ce9a
  Cache: 807c5d86d01a177f06ede9865add3aea269bbfd4
  Firebase: 383fa29aca93e371cab776b48a5c66544d3c2003
  FirebaseCore: 2a84b6b325792a4319ef71ee18819dcba08d2fd7
  FirebaseInstanceID: 78ba376fcd5b94c001f9999b2cbd3d1f1e56e78d
  FirebaseMessaging: d6feeb06218d2675b4149b0ada925a6b707a74cf
  FlexiblePageControl: 2ce8446da3d75df6432dbad7b9e19151629dae62
  GoogleUtilities: 760ccb53b7c7f40f9c02d8c241f76f841a7a6162
  NVActivityIndicatorView: ec7440a57af2450319d3a4181cca7da6fc127064
  PINCache: ce36ed282031b92fc7733ffe831f474ff80fddc2
  Protobuf: 1eb9700044745f00181c136ef21b8ff3ad5a0fd5
  R.swift: d6a5ec2f55a8441dc0ed9f1f8b37d7d11ae85c66
  R.swift.Library: c3af34921024333546e23b70e70d0b4e0cffca75
  RxCocoa: 78763c7b07d02455598d9fc3c1ad091a28b73635
  RxSwift: fe0fd770a43acdb7d0a53da411c9b892e69bb6e4
  SnapKit: 0de968a9fec17499afa29683b05d0c775b6d1c29

PODFILE CHECKSUM: 3fd42aaf0021e63d11fd7561fbede3ebbe67303f

COCOAPODS: 1.5.3
